
Microsoft Visual Studio Solution File, Format Version 12.00
# Visual Studio 15
VisualStudioVersion = 15.0.26730.16
MinimumVisualStudioVersion = 10.0.40219.1
Project("{FAE04EC0-301F-11D3-BF4B-00C04F79EFBC}") = "ErrorAudit.Tests", "ErrorAudit.Tests\ErrorAudit.Tests.csproj", "{53875BF4-7716-4AF2-AD7E-85BBBC47797B}"
EndProject
Project("{FAE04EC0-301F-11D3-BF4B-00C04F79EFBC}") = "ErrorAudit.Repo", "ErrorAudit.Repo\ErrorAudit.Repo.csproj", "{89921779-F0AC-4A08-BEFA-BB1C331C27E2}"
EndProject
Project("{FAE04EC0-301F-11D3-BF4B-00C04F79EFBC}") = "ErrorAudit.DataAccess", "ErrorAudit.DataAccess\ErrorAudit.DataAccess.csproj", "{5FD69F4E-82E1-40D1-9EE4-2AAF61D959FA}"
EndProject
Project("{FAE04EC0-301F-11D3-BF4B-00C04F79EFBC}") = "ErrorAudit.Web", "ErrorAudit.Web\ErrorAudit.Web.csproj", "{9744288C-DD8C-46FD-9DA2-12F8F148DBBF}"
EndProject
Project("{FAE04EC0-301F-11D3-BF4B-00C04F79EFBC}") = "ErrorAudit.Context", "ErrorAudit.Context\ErrorAudit.Context.csproj", "{546B8A45-DE17-4E4C-B404-D707EA351C13}"
EndProject
Global
	GlobalSection(SolutionConfigurationPlatforms) = preSolution
		Debug|Any CPU = Debug|Any CPU
		Release|Any CPU = Release|Any CPU
	EndGlobalSection
	GlobalSection(ProjectConfigurationPlatforms) = postSolution
		{53875BF4-7716-4AF2-AD7E-85BBBC47797B}.Debug|Any CPU.ActiveCfg = Debug|Any CPU
		{53875BF4-7716-4AF2-AD7E-85BBBC47797B}.Debug|Any CPU.Build.0 = Debug|Any CPU
		{53875BF4-7716-4AF2-AD7E-85BBBC47797B}.Release|Any CPU.ActiveCfg = Release|Any CPU
		{53875BF4-7716-4AF2-AD7E-85BBBC47797B}.Release|Any CPU.Build.0 = Release|Any CPU
		{89921779-F0AC-4A08-BEFA-BB1C331C27E2}.Debug|Any CPU.ActiveCfg = Debug|Any CPU
		{89921779-F0AC-4A08-BEFA-BB1C331C27E2}.Debug|Any CPU.Build.0 = Debug|Any CPU
		{89921779-F0AC-4A08-BEFA-BB1C331C27E2}.Release|Any CPU.ActiveCfg = Release|Any CPU
		{89921779-F0AC-4A08-BEFA-BB1C331C27E2}.Release|Any CPU.Build.0 = Release|Any CPU
		{5FD69F4E-82E1-40D1-9EE4-2AAF61D959FA}.Debug|Any CPU.ActiveCfg = Debug|Any CPU
		{5FD69F4E-82E1-40D1-9EE4-2AAF61D959FA}.Debug|Any CPU.Build.0 = Debug|Any CPU
		{5FD69F4E-82E1-40D1-9EE4-2AAF61D959FA}.Release|Any CPU.ActiveCfg = Release|Any CPU
		{5FD69F4E-82E1-40D1-9EE4-2AAF61D959FA}.Release|Any CPU.Build.0 = Release|Any CPU
		{9744288C-DD8C-46FD-9DA2-12F8F148DBBF}.Debug|Any CPU.ActiveCfg = Debug|Any CPU
		{9744288C-DD8C-46FD-9DA2-12F8F148DBBF}.Debug|Any CPU.Build.0 = Debug|Any CPU
		{9744288C-DD8C-46FD-9DA2-12F8F148DBBF}.Release|Any CPU.ActiveCfg = Release|Any CPU
		{9744288C-DD8C-46FD-9DA2-12F8F148DBBF}.Release|Any CPU.Build.0 = Release|Any CPU
		{546B8A45-DE17-4E4C-B404-D707EA351C13}.Debug|Any CPU.ActiveCfg = Debug|Any CPU
		{546B8A45-DE17-4E4C-B404-D707EA351C13}.Debug|Any CPU.Build.0 = Debug|Any CPU
		{546B8A45-DE17-4E4C-B404-D707EA351C13}.Release|Any CPU.ActiveCfg = Release|Any CPU
		{546B8A45-DE17-4E4C-B404-D707EA351C13}.Release|Any CPU.Build.0 = Release|Any CPU
	EndGlobalSection
	GlobalSection(SolutionProperties) = preSolution
		HideSolutionNode = FALSE
	EndGlobalSection
	GlobalSection(ExtensibilityGlobals) = postSolution
		SolutionGuid = {BD4F2D72-7843-414F-B09C-59E28D61E205}
	EndGlobalSection
EndGlobal
